
Microsoft Visual Studio Solution File, Format Version 12.00
# Visual Studio 2013
VisualStudioVersion = 12.0.31101.0
MinimumVisualStudioVersion = 10.0.40219.1
Project("{FAE04EC0-301F-11D3-BF4B-00C04F79EFBC}") = "ppmd_kaoutil_gui", "ppmd_kaoutil_gui.csproj", "{97D6227A-276B-4612-B3A4-1B59E81FF516}"
EndProject
Project("{FAE04EC0-301F-11D3-BF4B-00C04F79EFBC}") = "ppmd_packfileutilgui", "ppmd_packfileutilgui.csproj", "{43F13901-D31B-4D4A-AA4A-7849DE43ABE6}"
EndProject
Global
	GlobalSection(SolutionConfigurationPlatforms) = preSolution
		Debug|Any CPU = Debug|Any CPU
		Release|Any CPU = Release|Any CPU
	EndGlobalSection
	GlobalSection(ProjectConfigurationPlatforms) = postSolution
		{97D6227A-276B-4612-B3A4-1B59E81FF516}.Debug|Any CPU.ActiveCfg = Debug|Any CPU
		{97D6227A-276B-4612-B3A4-1B59E81FF516}.Debug|Any CPU.Build.0 = Debug|Any CPU
		{97D6227A-276B-4612-B3A4-1B59E81FF516}.Release|Any CPU.ActiveCfg = Release|Any CPU
		{97D6227A-276B-4612-B3A4-1B59E81FF516}.Release|Any CPU.Build.0 = Release|Any CPU
		{43F13901-D31B-4D4A-AA4A-7849DE43ABE6}.Debug|Any CPU.ActiveCfg = Debug|Any CPU
		{43F13901-D31B-4D4A-AA4A-7849DE43ABE6}.Debug|Any CPU.Build.0 = Debug|Any CPU
		{43F13901-D31B-4D4A-AA4A-7849DE43ABE6}.Release|Any CPU.ActiveCfg = Release|Any CPU
		{43F13901-D31B-4D4A-AA4A-7849DE43ABE6}.Release|Any CPU.Build.0 = Release|Any CPU
	EndGlobalSection
	GlobalSection(SolutionProperties) = preSolution
		HideSolutionNode = FALSE
	EndGlobalSection
EndGlobal
