
Microsoft Visual Studio Solution File, Format Version 12.00
# Visual Studio 2013
VisualStudioVersion = 12.0.31101.0
MinimumVisualStudioVersion = 10.0.40219.1
Project("{FAE04EC0-301F-11D3-BF4B-00C04F79EFBC}") = "ppmd_packfileutil_gui", "ppmd_packfileutil_gui\ppmd_packfileutil_gui.csproj", "{928FF896-7A5C-49C2-9219-23F5A92B5AAB}"
EndProject
Project("{FAE04EC0-301F-11D3-BF4B-00C04F79EFBC}") = "ppmd_kaoutil_gui", "ppmd_kaoutil_gui\ppmd_kaoutil_gui.csproj", "{601BBDEE-4F6F-44B2-A892-07FE7E247E77}"
EndProject
Project("{2150E333-8FDC-42A3-9474-1A3956D46DE8}") = "Solution Items", "Solution Items", "{A534AD4F-2A1B-4869-9A8B-4C5B4083B584}"
	ProjectSection(SolutionItems) = preProject
		DONT_FORGET_TO_ADD_COMMON_CODE_AS_LINK_OR_AS_ASSEMBLY!.txt = DONT_FORGET_TO_ADD_COMMON_CODE_AS_LINK_OR_AS_ASSEMBLY!.txt
	EndProjectSection
EndProject
Global
	GlobalSection(SolutionConfigurationPlatforms) = preSolution
		Debug|Any CPU = Debug|Any CPU
		Release|Any CPU = Release|Any CPU
	EndGlobalSection
	GlobalSection(ProjectConfigurationPlatforms) = postSolution
		{928FF896-7A5C-49C2-9219-23F5A92B5AAB}.Debug|Any CPU.ActiveCfg = Debug|Any CPU
		{928FF896-7A5C-49C2-9219-23F5A92B5AAB}.Debug|Any CPU.Build.0 = Debug|Any CPU
		{928FF896-7A5C-49C2-9219-23F5A92B5AAB}.Release|Any CPU.ActiveCfg = Release|Any CPU
		{928FF896-7A5C-49C2-9219-23F5A92B5AAB}.Release|Any CPU.Build.0 = Release|Any CPU
		{601BBDEE-4F6F-44B2-A892-07FE7E247E77}.Debug|Any CPU.ActiveCfg = Debug|Any CPU
		{601BBDEE-4F6F-44B2-A892-07FE7E247E77}.Debug|Any CPU.Build.0 = Debug|Any CPU
		{601BBDEE-4F6F-44B2-A892-07FE7E247E77}.Release|Any CPU.ActiveCfg = Release|Any CPU
		{601BBDEE-4F6F-44B2-A892-07FE7E247E77}.Release|Any CPU.Build.0 = Release|Any CPU
	EndGlobalSection
	GlobalSection(SolutionProperties) = preSolution
		HideSolutionNode = FALSE
	EndGlobalSection
EndGlobal
